
Microsoft Visual Studio Solution File, Format Version 12.00
# Visual Studio Version 17
VisualStudioVersion = 17.4.33110.190
MinimumVisualStudioVersion = 10.0.40219.1
Project("{FAE04EC0-301F-11D3-BF4B-00C04F79EFBC}") = "Yaver", "Yaver\Yaver.csproj", "{30DD119B-FEE0-426A-9BD8-1B5CD3564B19}"
EndProject
Project("{FAE04EC0-301F-11D3-BF4B-00C04F79EFBC}") = "Yaver.Core", "Yaver.Core\Yaver.Core.csproj", "{72FEF3A3-3284-4046-8BC7-4E60D74CC08C}"
EndProject
Global
	GlobalSection(SolutionConfigurationPlatforms) = preSolution
		Debug|Any CPU = Debug|Any CPU
		Release|Any CPU = Release|Any CPU
	EndGlobalSection
	GlobalSection(ProjectConfigurationPlatforms) = postSolution
		{30DD119B-FEE0-426A-9BD8-1B5CD3564B19}.Debug|Any CPU.ActiveCfg = Debug|Any CPU
		{30DD119B-FEE0-426A-9BD8-1B5CD3564B19}.Debug|Any CPU.Build.0 = Debug|Any CPU
		{30DD119B-FEE0-426A-9BD8-1B5CD3564B19}.Release|Any CPU.ActiveCfg = Release|Any CPU
		{30DD119B-FEE0-426A-9BD8-1B5CD3564B19}.Release|Any CPU.Build.0 = Release|Any CPU
		{72FEF3A3-3284-4046-8BC7-4E60D74CC08C}.Debug|Any CPU.ActiveCfg = Debug|Any CPU
		{72FEF3A3-3284-4046-8BC7-4E60D74CC08C}.Debug|Any CPU.Build.0 = Debug|Any CPU
		{72FEF3A3-3284-4046-8BC7-4E60D74CC08C}.Release|Any CPU.ActiveCfg = Release|Any CPU
		{72FEF3A3-3284-4046-8BC7-4E60D74CC08C}.Release|Any CPU.Build.0 = Release|Any CPU
	EndGlobalSection
	GlobalSection(SolutionProperties) = preSolution
		HideSolutionNode = FALSE
	EndGlobalSection
	GlobalSection(ExtensibilityGlobals) = postSolution
		SolutionGuid = {617B5AB7-6A2A-4C6E-81DD-B44D3B84F55A}
	EndGlobalSection
EndGlobal
